// !$*UTF8*$!
{
	archiveVersion = 1;
	classes = {
	};
	objectVersion = 56;
	objects = {

/* Begin PBXBuildFile section */
		BF8AA3A429612B200003B808 /* AppDelegate.swift in Sources */ = {isa = PBXBuildFile; fileRef = BF8AA3A329612B200003B808 /* AppDelegate.swift */; };
		BF8AA3A629612B200003B808 /* SceneDelegate.swift in Sources */ = {isa = PBXBuildFile; fileRef = BF8AA3A529612B200003B808 /* SceneDelegate.swift */; };
		BF8AA3AB29612B200003B808 /* Main.storyboard in Resources */ = {isa = PBXBuildFile; fileRef = BF8AA3A929612B200003B808 /* Main.storyboard */; };
		BF8AA3AE29612B200003B808 /* MedicationManager.xcdatamodeld in Sources */ = {isa = PBXBuildFile; fileRef = BF8AA3AC29612B200003B808 /* MedicationManager.xcdatamodeld */; };
		BF8AA3B029612B210003B808 /* Assets.xcassets in Resources */ = {isa = PBXBuildFile; fileRef = BF8AA3AF29612B210003B808 /* Assets.xcassets */; };
		BF8AA3B329612B210003B808 /* LaunchScreen.storyboard in Resources */ = {isa = PBXBuildFile; fileRef = BF8AA3B129612B210003B808 /* LaunchScreen.storyboard */; };
		BF8AA3BB2961369C0003B808 /* MedicationListViewController.swift in Sources */ = {isa = PBXBuildFile; fileRef = BF8AA3BA2961369C0003B808 /* MedicationListViewController.swift */; };
		BF8AA3BD296136BB0003B808 /* MedicationDetialViewController.swift in Sources */ = {isa = PBXBuildFile; fileRef = BF8AA3BC296136BB0003B808 /* MedicationDetialViewController.swift */; };
		BF8AA3BF296138900003B808 /* MedicationTableViewCell.swift in Sources */ = {isa = PBXBuildFile; fileRef = BF8AA3BE296138900003B808 /* MedicationTableViewCell.swift */; };
		BF8AA3C5296160460003B808 /* MedicationController.swift in Sources */ = {isa = PBXBuildFile; fileRef = BF8AA3C4296160460003B808 /* MedicationController.swift */; };
		BF8AA3C8296162C20003B808 /* CoreDataStack.swift in Sources */ = {isa = PBXBuildFile; fileRef = BF8AA3C7296162C20003B808 /* CoreDataStack.swift */; };
		BF8AA3CA296165DD0003B808 /* Medication+convenience.swift in Sources */ = {isa = PBXBuildFile; fileRef = BF8AA3C9296165DD0003B808 /* Medication+convenience.swift */; };
		BF8AA3CC296524000003B808 /* DateFormatter.swift in Sources */ = {isa = PBXBuildFile; fileRef = BF8AA3CB296524000003B808 /* DateFormatter.swift */; };
		BF8AA400296A28EC0003B808 /* TakenDate+convenience.swift in Sources */ = {isa = PBXBuildFile; fileRef = BF8AA3FF296A28EC0003B808 /* TakenDate+convenience.swift */; };
		BF8AA402296A62D30003B808 /* MoodSurveyViewController.swift in Sources */ = {isa = PBXBuildFile; fileRef = BF8AA401296A62D30003B808 /* MoodSurveyViewController.swift */; };
		BF8E11DE296A674B00B5F2EC /* MoodSurvey + convenience.swift in Sources */ = {isa = PBXBuildFile; fileRef = BF8E11DD296A674B00B5F2EC /* MoodSurvey + convenience.swift */; };
		BF8E11E0296A67DD00B5F2EC /* MoodSurveyController.swift in Sources */ = {isa = PBXBuildFile; fileRef = BF8E11DF296A67DD00B5F2EC /* MoodSurveyController.swift */; };
		BF8E120A297CAB8900B5F2EC /* NotificationScheduler.swift in Sources */ = {isa = PBXBuildFile; fileRef = BF8E1209297CAB8900B5F2EC /* NotificationScheduler.swift */; };
		BF8E120C297CB94F00B5F2EC /* Strings.swift in Sources */ = {isa = PBXBuildFile; fileRef = BF8E120B297CB94F00B5F2EC /* Strings.swift */; };
/* End PBXBuildFile section */

/* Begin PBXFileReference section */
		BF8AA3A029612B200003B808 /* MedicationManager.app */ = {isa = PBXFileReference; explicitFileType = wrapper.application; includeInIndex = 0; path = MedicationManager.app; sourceTree = BUILT_PRODUCTS_DIR; };
		BF8AA3A329612B200003B808 /* AppDelegate.swift */ = {isa = PBXFileReference; lastKnownFileType = sourcecode.swift; path = AppDelegate.swift; sourceTree = "<group>"; };
		BF8AA3A529612B200003B808 /* SceneDelegate.swift */ = {isa = PBXFileReference; lastKnownFileType = sourcecode.swift; path = SceneDelegate.swift; sourceTree = "<group>"; };
		BF8AA3AA29612B200003B808 /* Base */ = {isa = PBXFileReference; lastKnownFileType = file.storyboard; name = Base; path = Base.lproj/Main.storyboard; sourceTree = "<group>"; };
		BF8AA3AD29612B200003B808 /* MedicationManager.xcdatamodel */ = {isa = PBXFileReference; lastKnownFileType = wrapper.xcdatamodel; path = MedicationManager.xcdatamodel; sourceTree = "<group>"; };
		BF8AA3AF29612B210003B808 /* Assets.xcassets */ = {isa = PBXFileReference; lastKnownFileType = folder.assetcatalog; path = Assets.xcassets; sourceTree = "<group>"; };
		BF8AA3B229612B210003B808 /* Base */ = {isa = PBXFileReference; lastKnownFileType = file.storyboard; name = Base; path = Base.lproj/LaunchScreen.storyboard; sourceTree = "<group>"; };
		BF8AA3B429612B210003B808 /* Info.plist */ = {isa = PBXFileReference; lastKnownFileType = text.plist.xml; path = Info.plist; sourceTree = "<group>"; };
		BF8AA3BA2961369C0003B808 /* MedicationListViewController.swift */ = {isa = PBXFileReference; lastKnownFileType = sourcecode.swift; path = MedicationListViewController.swift; sourceTree = "<group>"; };
		BF8AA3BC296136BB0003B808 /* MedicationDetialViewController.swift */ = {isa = PBXFileReference; lastKnownFileType = sourcecode.swift; path = MedicationDetialViewController.swift; sourceTree = "<group>"; };
		BF8AA3BE296138900003B808 /* MedicationTableViewCell.swift */ = {isa = PBXFileReference; lastKnownFileType = sourcecode.swift; path = MedicationTableViewCell.swift; sourceTree = "<group>"; };
		BF8AA3C4296160460003B808 /* MedicationController.swift */ = {isa = PBXFileReference; lastKnownFileType = sourcecode.swift; path = MedicationController.swift; sourceTree = "<group>"; };
		BF8AA3C7296162C20003B808 /* CoreDataStack.swift */ = {isa = PBXFileReference; lastKnownFileType = sourcecode.swift; path = CoreDataStack.swift; sourceTree = "<group>"; };
		BF8AA3C9296165DD0003B808 /* Medication+convenience.swift */ = {isa = PBXFileReference; lastKnownFileType = sourcecode.swift; path = "Medication+convenience.swift"; sourceTree = "<group>"; };
		BF8AA3CB296524000003B808 /* DateFormatter.swift */ = {isa = PBXFileReference; lastKnownFileType = sourcecode.swift; path = DateFormatter.swift; sourceTree = "<group>"; };
		BF8AA3FF296A28EC0003B808 /* TakenDate+convenience.swift */ = {isa = PBXFileReference; lastKnownFileType = sourcecode.swift; path = "TakenDate+convenience.swift"; sourceTree = "<group>"; };
		BF8AA401296A62D30003B808 /* MoodSurveyViewController.swift */ = {isa = PBXFileReference; lastKnownFileType = sourcecode.swift; path = MoodSurveyViewController.swift; sourceTree = "<group>"; };
		BF8E11DD296A674B00B5F2EC /* MoodSurvey + convenience.swift */ = {isa = PBXFileReference; lastKnownFileType = sourcecode.swift; path = "MoodSurvey + convenience.swift"; sourceTree = "<group>"; };
		BF8E11DF296A67DD00B5F2EC /* MoodSurveyController.swift */ = {isa = PBXFileReference; lastKnownFileType = sourcecode.swift; path = MoodSurveyController.swift; sourceTree = "<group>"; };
		BF8E1209297CAB8900B5F2EC /* NotificationScheduler.swift */ = {isa = PBXFileReference; lastKnownFileType = sourcecode.swift; path = NotificationScheduler.swift; sourceTree = "<group>"; };
		BF8E120B297CB94F00B5F2EC /* Strings.swift */ = {isa = PBXFileReference; lastKnownFileType = sourcecode.swift; path = Strings.swift; sourceTree = "<group>"; };
/* End PBXFileReference section */

/* Begin PBXFrameworksBuildPhase section */
		BF8AA39D29612B200003B808 /* Frameworks */ = {
			isa = PBXFrameworksBuildPhase;
			buildActionMask = 2147483647;
			files = (
			);
			runOnlyForDeploymentPostprocessing = 0;
		};
/* End PBXFrameworksBuildPhase section */

/* Begin PBXGroup section */
		BF8AA39729612B200003B808 = {
			isa = PBXGroup;
			children = (
				BF8AA3A229612B200003B808 /* MedicationManager */,
				BF8AA3A129612B200003B808 /* Products */,
			);
			sourceTree = "<group>";
		};
		BF8AA3A129612B200003B808 /* Products */ = {
			isa = PBXGroup;
			children = (
				BF8AA3A029612B200003B808 /* MedicationManager.app */,
			);
			name = Products;
			sourceTree = "<group>";
		};
		BF8AA3A229612B200003B808 /* MedicationManager */ = {
			isa = PBXGroup;
			children = (
				BF8AA3C3296138CE0003B808 /* Resources */,
				BF8AA3C2296138BF0003B808 /* CoreData */,
				BF8AA3C02961389F0003B808 /* ViewControllers */,
				BF8AA3C1296138AE0003B808 /* CustomViews */,
				BF8AA3C62961625B0003B808 /* ModelControllers */,
			);
			path = MedicationManager;
			sourceTree = "<group>";
		};
		BF8AA3C02961389F0003B808 /* ViewControllers */ = {
			isa = PBXGroup;
			children = (
				BF8AA3BA2961369C0003B808 /* MedicationListViewController.swift */,
				BF8AA3BC296136BB0003B808 /* MedicationDetialViewController.swift */,
				BF8AA401296A62D30003B808 /* MoodSurveyViewController.swift */,
			);
			path = ViewControllers;
			sourceTree = "<group>";
		};
		BF8AA3C1296138AE0003B808 /* CustomViews */ = {
			isa = PBXGroup;
			children = (
				BF8AA3BE296138900003B808 /* MedicationTableViewCell.swift */,
			);
			path = CustomViews;
			sourceTree = "<group>";
		};
		BF8AA3C2296138BF0003B808 /* CoreData */ = {
			isa = PBXGroup;
			children = (
				BF8AA3AC29612B200003B808 /* MedicationManager.xcdatamodeld */,
				BF8AA3C7296162C20003B808 /* CoreDataStack.swift */,
				BF8AA3C9296165DD0003B808 /* Medication+convenience.swift */,
				BF8AA3FF296A28EC0003B808 /* TakenDate+convenience.swift */,
				BF8E11DD296A674B00B5F2EC /* MoodSurvey + convenience.swift */,
			);
			path = CoreData;
			sourceTree = "<group>";
		};
		BF8AA3C3296138CE0003B808 /* Resources */ = {
			isa = PBXGroup;
			children = (
				BF8AA3A329612B200003B808 /* AppDelegate.swift */,
				BF8AA3A529612B200003B808 /* SceneDelegate.swift */,
				BF8AA3A929612B200003B808 /* Main.storyboard */,
				BF8AA3AF29612B210003B808 /* Assets.xcassets */,
				BF8AA3B129612B210003B808 /* LaunchScreen.storyboard */,
				BF8AA3B429612B210003B808 /* Info.plist */,
				BF8AA3CB296524000003B808 /* DateFormatter.swift */,
				BF8E1209297CAB8900B5F2EC /* NotificationScheduler.swift */,
				BF8E120B297CB94F00B5F2EC /* Strings.swift */,
			);
			path = Resources;
			sourceTree = "<group>";
		};
		BF8AA3C62961625B0003B808 /* ModelControllers */ = {
			isa = PBXGroup;
			children = (
				BF8AA3C4296160460003B808 /* MedicationController.swift */,
				BF8E11DF296A67DD00B5F2EC /* MoodSurveyController.swift */,
			);
			path = ModelControllers;
			sourceTree = "<group>";
		};
/* End PBXGroup section */

/* Begin PBXNativeTarget section */
		BF8AA39F29612B200003B808 /* MedicationManager */ = {
			isa = PBXNativeTarget;
			buildConfigurationList = BF8AA3B729612B210003B808 /* Build configuration list for PBXNativeTarget "MedicationManager" */;
			buildPhases = (
				BF8AA39C29612B200003B808 /* Sources */,
				BF8AA39D29612B200003B808 /* Frameworks */,
				BF8AA39E29612B200003B808 /* Resources */,
			);
			buildRules = (
			);
			dependencies = (
			);
			name = MedicationManager;
			productName = MedicationManager;
			productReference = BF8AA3A029612B200003B808 /* MedicationManager.app */;
			productType = "com.apple.product-type.application";
		};
/* End PBXNativeTarget section */

/* Begin PBXProject section */
		BF8AA39829612B200003B808 /* Project object */ = {
			isa = PBXProject;
			attributes = {
				BuildIndependentTargetsInParallel = 1;
				LastSwiftUpdateCheck = 1420;
				LastUpgradeCheck = 1420;
				TargetAttributes = {
					BF8AA39F29612B200003B808 = {
						CreatedOnToolsVersion = 14.2;
					};
				};
			};
			buildConfigurationList = BF8AA39B29612B200003B808 /* Build configuration list for PBXProject "MedicationManager" */;
			compatibilityVersion = "Xcode 14.0";
			developmentRegion = en;
			hasScannedForEncodings = 0;
			knownRegions = (
				en,
				Base,
			);
			mainGroup = BF8AA39729612B200003B808;
			productRefGroup = BF8AA3A129612B200003B808 /* Products */;
			projectDirPath = "";
			projectRoot = "";
			targets = (
				BF8AA39F29612B200003B808 /* MedicationManager */,
			);
		};
/* End PBXProject section */

/* Begin PBXResourcesBuildPhase section */
		BF8AA39E29612B200003B808 /* Resources */ = {
			isa = PBXResourcesBuildPhase;
			buildActionMask = 2147483647;
			files = (
				BF8AA3B329612B210003B808 /* LaunchScreen.storyboard in Resources */,
				BF8AA3B029612B210003B808 /* Assets.xcassets in Resources */,
				BF8AA3AB29612B200003B808 /* Main.storyboard in Resources */,
			);
			runOnlyForDeploymentPostprocessing = 0;
		};
/* End PBXResourcesBuildPhase section */

/* Begin PBXSourcesBuildPhase section */
		BF8AA39C29612B200003B808 /* Sources */ = {
			isa = PBXSourcesBuildPhase;
			buildActionMask = 2147483647;
			files = (
				BF8E11E0296A67DD00B5F2EC /* MoodSurveyController.swift in Sources */,
				BF8AA3A429612B200003B808 /* AppDelegate.swift in Sources */,
				BF8E120C297CB94F00B5F2EC /* Strings.swift in Sources */,
				BF8E11DE296A674B00B5F2EC /* MoodSurvey + convenience.swift in Sources */,
				BF8AA3BB2961369C0003B808 /* MedicationListViewController.swift in Sources */,
				BF8AA3BD296136BB0003B808 /* MedicationDetialViewController.swift in Sources */,
				BF8AA3AE29612B200003B808 /* MedicationManager.xcdatamodeld in Sources */,
				BF8AA3CC296524000003B808 /* DateFormatter.swift in Sources */,
				BF8E120A297CAB8900B5F2EC /* NotificationScheduler.swift in Sources */,
				BF8AA400296A28EC0003B808 /* TakenDate+convenience.swift in Sources */,
				BF8AA3C5296160460003B808 /* MedicationController.swift in Sources */,
				BF8AA3BF296138900003B808 /* MedicationTableViewCell.swift in Sources */,
				BF8AA3CA296165DD0003B808 /* Medication+convenience.swift in Sources */,
				BF8AA402296A62D30003B808 /* MoodSurveyViewController.swift in Sources */,
				BF8AA3A629612B200003B808 /* SceneDelegate.swift in Sources */,
				BF8AA3C8296162C20003B808 /* CoreDataStack.swift in Sources */,
			);
			runOnlyForDeploymentPostprocessing = 0;
		};
/* End PBXSourcesBuildPhase section */

/* Begin PBXVariantGroup section */
		BF8AA3A929612B200003B808 /* Main.storyboard */ = {
			isa = PBXVariantGroup;
			children = (
				BF8AA3AA29612B200003B808 /* Base */,
			);
			name = Main.storyboard;
			sourceTree = "<group>";
		};
		BF8AA3B129612B210003B808 /* LaunchScreen.storyboard */ = {
			isa = PBXVariantGroup;
			children = (
				BF8AA3B229612B210003B808 /* Base */,
			);
			name = LaunchScreen.storyboard;
			sourceTree = "<group>";
		};
/* End PBXVariantGroup section */

/* Begin XCBuildConfiguration section */
		BF8AA3B529612B210003B808 /* Debug */ = {
			isa = XCBuildConfiguration;
			buildSettings = {
				ALWAYS_SEARCH_USER_PATHS = NO;
				CLANG_ANALYZER_NONNULL = YES;
				CLANG_ANALYZER_NUMBER_OBJECT_CONVERSION = YES_AGGRESSIVE;
				CLANG_CXX_LANGUAGE_STANDARD = "gnu++20";
				CLANG_ENABLE_MODULES = YES;
				CLANG_ENABLE_OBJC_ARC = YES;
				CLANG_ENABLE_OBJC_WEAK = YES;
				CLANG_WARN_BLOCK_CAPTURE_AUTORELEASING = YES;
				CLANG_WARN_BOOL_CONVERSION = YES;
				CLANG_WARN_COMMA = YES;
				CLANG_WARN_CONSTANT_CONVERSION = YES;
				CLANG_WARN_DEPRECATED_OBJC_IMPLEMENTATIONS = YES;
				CLANG_WARN_DIRECT_OBJC_ISA_USAGE = YES_ERROR;
				CLANG_WARN_DOCUMENTATION_COMMENTS = YES;
				CLANG_WARN_EMPTY_BODY = YES;
				CLANG_WARN_ENUM_CONVERSION = YES;
				CLANG_WARN_INFINITE_RECURSION = YES;
				CLANG_WARN_INT_CONVERSION = YES;
				CLANG_WARN_NON_LITERAL_NULL_CONVERSION = YES;
				CLANG_WARN_OBJC_IMPLICIT_RETAIN_SELF = YES;
				CLANG_WARN_OBJC_LITERAL_CONVERSION = YES;
				CLANG_WARN_OBJC_ROOT_CLASS = YES_ERROR;
				CLANG_WARN_QUOTED_INCLUDE_IN_FRAMEWORK_HEADER = YES;
				CLANG_WARN_RANGE_LOOP_ANALYSIS = YES;
				CLANG_WARN_STRICT_PROTOTYPES = YES;
				CLANG_WARN_SUSPICIOUS_MOVE = YES;
				CLANG_WARN_UNGUARDED_AVAILABILITY = YES_AGGRESSIVE;
				CLANG_WARN_UNREACHABLE_CODE = YES;
				CLANG_WARN__DUPLICATE_METHOD_MATCH = YES;
				COPY_PHASE_STRIP = NO;
				DEBUG_INFORMATION_FORMAT = dwarf;
				ENABLE_STRICT_OBJC_MSGSEND = YES;
				ENABLE_TESTABILITY = YES;
				GCC_C_LANGUAGE_STANDARD = gnu11;
				GCC_DYNAMIC_NO_PIC = NO;
				GCC_NO_COMMON_BLOCKS = YES;
				GCC_OPTIMIZATION_LEVEL = 0;
				GCC_PREPROCESSOR_DEFINITIONS = (
					"DEBUG=1",
					"$(inherited)",
				);
				GCC_WARN_64_TO_32_BIT_CONVERSION = YES;
				GCC_WARN_ABOUT_RETURN_TYPE = YES_ERROR;
				GCC_WARN_UNDECLARED_SELECTOR = YES;
				GCC_WARN_UNINITIALIZED_AUTOS = YES_AGGRESSIVE;
				GCC_WARN_UNUSED_FUNCTION = YES;
				GCC_WARN_UNUSED_VARIABLE = YES;
				IPHONEOS_DEPLOYMENT_TARGET = 16.2;
				MTL_ENABLE_DEBUG_INFO = INCLUDE_SOURCE;
				MTL_FAST_MATH = YES;
				ONLY_ACTIVE_ARCH = YES;
				SDKROOT = iphoneos;
				SWIFT_ACTIVE_COMPILATION_CONDITIONS = DEBUG;
				SWIFT_OPTIMIZATION_LEVEL = "-Onone";
			};
			name = Debug;
		};
		BF8AA3B629612B210003B808 /* Release */ = {
			isa = XCBuildConfiguration;
			buildSettings = {
				ALWAYS_SEARCH_USER_PATHS = NO;
				CLANG_ANALYZER_NONNULL = YES;
				CLANG_ANALYZER_NUMBER_OBJECT_CONVERSION = YES_AGGRESSIVE;
				CLANG_CXX_LANGUAGE_STANDARD = "gnu++20";
				CLANG_ENABLE_MODULES = YES;
				CLANG_ENABLE_OBJC_ARC = YES;
				CLANG_ENABLE_OBJC_WEAK = YES;
				CLANG_WARN_BLOCK_CAPTURE_AUTORELEASING = YES;
				CLANG_WARN_BOOL_CONVERSION = YES;
				CLANG_WARN_COMMA = YES;
				CLANG_WARN_CONSTANT_CONVERSION = YES;
				CLANG_WARN_DEPRECATED_OBJC_IMPLEMENTATIONS = YES;
				CLANG_WARN_DIRECT_OBJC_ISA_USAGE = YES_ERROR;
				CLANG_WARN_DOCUMENTATION_COMMENTS = YES;
				CLANG_WARN_EMPTY_BODY = YES;
				CLANG_WARN_ENUM_CONVERSION = YES;
				CLANG_WARN_INFINITE_RECURSION = YES;
				CLANG_WARN_INT_CONVERSION = YES;
				CLANG_WARN_NON_LITERAL_NULL_CONVERSION = YES;
				CLANG_WARN_OBJC_IMPLICIT_RETAIN_SELF = YES;
				CLANG_WARN_OBJC_LITERAL_CONVERSION = YES;
				CLANG_WARN_OBJC_ROOT_CLASS = YES_ERROR;
				CLANG_WARN_QUOTED_INCLUDE_IN_FRAMEWORK_HEADER = YES;
				CLANG_WARN_RANGE_LOOP_ANALYSIS = YES;
				CLANG_WARN_STRICT_PROTOTYPES = YES;
				CLANG_WARN_SUSPICIOUS_MOVE = YES;
				CLANG_WARN_UNGUARDED_AVAILABILITY = YES_AGGRESSIVE;
				CLANG_WARN_UNREACHABLE_CODE = YES;
				CLANG_WARN__DUPLICATE_METHOD_MATCH = YES;
				COPY_PHASE_STRIP = NO;
				DEBUG_INFORMATION_FORMAT = "dwarf-with-dsym";
				ENABLE_NS_ASSERTIONS = NO;
				ENABLE_STRICT_OBJC_MSGSEND = YES;
				GCC_C_LANGUAGE_STANDARD = gnu11;
				GCC_NO_COMMON_BLOCKS = YES;
				GCC_WARN_64_TO_32_BIT_CONVERSION = YES;
				GCC_WARN_ABOUT_RETURN_TYPE = YES_ERROR;
				GCC_WARN_UNDECLARED_SELECTOR = YES;
				GCC_WARN_UNINITIALIZED_AUTOS = YES_AGGRESSIVE;
				GCC_WARN_UNUSED_FUNCTION = YES;
				GCC_WARN_UNUSED_VARIABLE = YES;
				IPHONEOS_DEPLOYMENT_TARGET = 16.2;
				MTL_ENABLE_DEBUG_INFO = NO;
				MTL_FAST_MATH = YES;
				SDKROOT = iphoneos;
				SWIFT_COMPILATION_MODE = wholemodule;
				SWIFT_OPTIMIZATION_LEVEL = "-O";
				VALIDATE_PRODUCT = YES;
			};
			name = Release;
		};
		BF8AA3B829612B210003B808 /* Debug */ = {
			isa = XCBuildConfiguration;
			buildSettings = {
				ASSETCATALOG_COMPILER_APPICON_NAME = AppIcon;
				ASSETCATALOG_COMPILER_GLOBAL_ACCENT_COLOR_NAME = AccentColor;
				CODE_SIGN_STYLE = Automatic;
				CURRENT_PROJECT_VERSION = 1;
				DEVELOPMENT_TEAM = NJ3Y4LJ7H6;
				GENERATE_INFOPLIST_FILE = YES;
				INFOPLIST_FILE = MedicationManager/Resources/Info.plist;
				INFOPLIST_KEY_UIApplicationSupportsIndirectInputEvents = YES;
				INFOPLIST_KEY_UILaunchStoryboardName = LaunchScreen;
				INFOPLIST_KEY_UIMainStoryboardFile = Main;
				INFOPLIST_KEY_UISupportedInterfaceOrientations_iPad = "UIInterfaceOrientationPortrait UIInterfaceOrientationPortraitUpsideDown UIInterfaceOrientationLandscapeLeft UIInterfaceOrientationLandscapeRight";
				INFOPLIST_KEY_UISupportedInterfaceOrientations_iPhone = "UIInterfaceOrientationPortrait UIInterfaceOrientationLandscapeLeft UIInterfaceOrientationLandscapeRight";
				LD_RUNPATH_SEARCH_PATHS = (
					"$(inherited)",
					"@executable_path/Frameworks",
				);
				MARKETING_VERSION = 1.0;
				PRODUCT_BUNDLE_IDENTIFIER = com.Andrew.MedicationManager;
				PRODUCT_NAME = "$(TARGET_NAME)";
				SWIFT_EMIT_LOC_STRINGS = YES;
				SWIFT_VERSION = 5.0;
				TARGETED_DEVICE_FAMILY = "1,2";
			};
			name = Debug;
		};
		BF8AA3B929612B210003B808 /* Release */ = {
			isa = XCBuildConfiguration;
			buildSettings = {
				ASSETCATALOG_COMPILER_APPICON_NAME = AppIcon;
				ASSETCATALOG_COMPILER_GLOBAL_ACCENT_COLOR_NAME = AccentColor;
				CODE_SIGN_STYLE = Automatic;
				CURRENT_PROJECT_VERSION = 1;
				DEVELOPMENT_TEAM = NJ3Y4LJ7H6;
				GENERATE_INFOPLIST_FILE = YES;
				INFOPLIST_FILE = MedicationManager/Resources/Info.plist;
				INFOPLIST_KEY_UIApplicationSupportsIndirectInputEvents = YES;
				INFOPLIST_KEY_UILaunchStoryboardName = LaunchScreen;
				INFOPLIST_KEY_UIMainStoryboardFile = Main;
				INFOPLIST_KEY_UISupportedInterfaceOrientations_iPad = "UIInterfaceOrientationPortrait UIInterfaceOrientationPortraitUpsideDown UIInterfaceOrientationLandscapeLeft UIInterfaceOrientationLandscapeRight";
				INFOPLIST_KEY_UISupportedInterfaceOrientations_iPhone = "UIInterfaceOrientationPortrait UIInterfaceOrientationLandscapeLeft UIInterfaceOrientationLandscapeRight";
				LD_RUNPATH_SEARCH_PATHS = (
					"$(inherited)",
					"@executable_path/Frameworks",
				);
				MARKETING_VERSION = 1.0;
				PRODUCT_BUNDLE_IDENTIFIER = com.Andrew.MedicationManager;
				PRODUCT_NAME = "$(TARGET_NAME)";
				SWIFT_EMIT_LOC_STRINGS = YES;
				SWIFT_VERSION = 5.0;
				TARGETED_DEVICE_FAMILY = "1,2";
			};
			name = Release;
		};
/* End XCBuildConfiguration section */

/* Begin XCConfigurationList section */
		BF8AA39B29612B200003B808 /* Build configuration list for PBXProject "MedicationManager" */ = {
			isa = XCConfigurationList;
			buildConfigurations = (
				BF8AA3B529612B210003B808 /* Debug */,
				BF8AA3B629612B210003B808 /* Release */,
			);
			defaultConfigurationIsVisible = 0;
			defaultConfigurationName = Release;
		};
		BF8AA3B729612B210003B808 /* Build configuration list for PBXNativeTarget "MedicationManager" */ = {
			isa = XCConfigurationList;
			buildConfigurations = (
				BF8AA3B829612B210003B808 /* Debug */,
				BF8AA3B929612B210003B808 /* Release */,
			);
			defaultConfigurationIsVisible = 0;
			defaultConfigurationName = Release;
		};
/* End XCConfigurationList section */

/* Begin XCVersionGroup section */
		BF8AA3AC29612B200003B808 /* MedicationManager.xcdatamodeld */ = {
			isa = XCVersionGroup;
			children = (
				BF8AA3AD29612B200003B808 /* MedicationManager.xcdatamodel */,
			);
			currentVersion = BF8AA3AD29612B200003B808 /* MedicationManager.xcdatamodel */;
			path = MedicationManager.xcdatamodeld;
			sourceTree = "<group>";
			versionGroupType = wrapper.xcdatamodel;
		};
/* End XCVersionGroup section */
	};
	rootObject = BF8AA39829612B200003B808 /* Project object */;
}
